// !$*UTF8*$!
{
	archiveVersion = 1;
	classes = {
	};
	objectVersion = 51;
	objects = {

/* Begin PBXBuildFile section */
		9F1A0F882440D45000C694CC /* DetailController.swift in Sources */ = {isa = PBXBuildFile; fileRef = 9F1A0F862440D45000C694CC /* DetailController.swift */; };
		9F1A0F892440D45000C694CC /* DetailController.xib in Resources */ = {isa = PBXBuildFile; fileRef = 9F1A0F872440D45000C694CC /* DetailController.xib */; };
		9F1A0F8E24411FDA00C694CC /* DetailCell.swift in Sources */ = {isa = PBXBuildFile; fileRef = 9F1A0F8C24411FDA00C694CC /* DetailCell.swift */; };
		9F1A0F8F24411FDA00C694CC /* DetailCell.xib in Resources */ = {isa = PBXBuildFile; fileRef = 9F1A0F8D24411FDA00C694CC /* DetailCell.xib */; };
		9F32A197243E976600AFCB2B /* AppDelegate.swift in Sources */ = {isa = PBXBuildFile; fileRef = 9F32A196243E976600AFCB2B /* AppDelegate.swift */; };
		9F32A1A0243E976A00AFCB2B /* Assets.xcassets in Resources */ = {isa = PBXBuildFile; fileRef = 9F32A19F243E976A00AFCB2B /* Assets.xcassets */; };
		9F32A1A3243E976A00AFCB2B /* LaunchScreen.storyboard in Resources */ = {isa = PBXBuildFile; fileRef = 9F32A1A1243E976A00AFCB2B /* LaunchScreen.storyboard */; };
		9F32A1AB243E9B7A00AFCB2B /* ItemsController.swift in Sources */ = {isa = PBXBuildFile; fileRef = 9F32A1AA243E9B7A00AFCB2B /* ItemsController.swift */; };
		9F32A1B2243ED45100AFCB2B /* Story.swift in Sources */ = {isa = PBXBuildFile; fileRef = 9F32A1B1243ED45100AFCB2B /* Story.swift */; };
		9F32A1B5243ED4DB00AFCB2B /* AppCoordinator.swift in Sources */ = {isa = PBXBuildFile; fileRef = 9F32A1B4243ED4DB00AFCB2B /* AppCoordinator.swift */; };
		9F32A1BE243FFC3B00AFCB2B /* StoryCell.swift in Sources */ = {isa = PBXBuildFile; fileRef = 9F32A1BC243FFC3B00AFCB2B /* StoryCell.swift */; };
		9F32A1BF243FFC3B00AFCB2B /* StoryCell.xib in Resources */ = {isa = PBXBuildFile; fileRef = 9F32A1BD243FFC3B00AFCB2B /* StoryCell.xib */; };
		9F791EE32440131200FCC44A /* Comment.swift in Sources */ = {isa = PBXBuildFile; fileRef = 9F791EE22440131200FCC44A /* Comment.swift */; };
		9F791EE5244013B000FCC44A /* GoogleService-Info.plist in Resources */ = {isa = PBXBuildFile; fileRef = 9F791EE4244013B000FCC44A /* GoogleService-Info.plist */; };
		B2F44E13BBEBA89EE74838D7 /* Pods_Coordinator.framework in Frameworks */ = {isa = PBXBuildFile; fileRef = EB8B81A97E6896D896F2EBBF /* Pods_Coordinator.framework */; };
/* End PBXBuildFile section */

/* Begin PBXFileReference section */
		38D945B639A22BD22977C61B /* Pods-Coordinator.debug.xcconfig */ = {isa = PBXFileReference; includeInIndex = 1; lastKnownFileType = text.xcconfig; name = "Pods-Coordinator.debug.xcconfig"; path = "Target Support Files/Pods-Coordinator/Pods-Coordinator.debug.xcconfig"; sourceTree = "<group>"; };
		9F1A0F862440D45000C694CC /* DetailController.swift */ = {isa = PBXFileReference; lastKnownFileType = sourcecode.swift; path = DetailController.swift; sourceTree = "<group>"; };
		9F1A0F872440D45000C694CC /* DetailController.xib */ = {isa = PBXFileReference; lastKnownFileType = file.xib; path = DetailController.xib; sourceTree = "<group>"; };
		9F1A0F8C24411FDA00C694CC /* DetailCell.swift */ = {isa = PBXFileReference; lastKnownFileType = sourcecode.swift; path = DetailCell.swift; sourceTree = "<group>"; };
		9F1A0F8D24411FDA00C694CC /* DetailCell.xib */ = {isa = PBXFileReference; lastKnownFileType = file.xib; path = DetailCell.xib; sourceTree = "<group>"; };
		9F32A193243E976600AFCB2B /* Coordinator.app */ = {isa = PBXFileReference; explicitFileType = wrapper.application; includeInIndex = 0; path = Coordinator.app; sourceTree = BUILT_PRODUCTS_DIR; };
		9F32A196243E976600AFCB2B /* AppDelegate.swift */ = {isa = PBXFileReference; lastKnownFileType = sourcecode.swift; path = AppDelegate.swift; sourceTree = "<group>"; };
		9F32A19F243E976A00AFCB2B /* Assets.xcassets */ = {isa = PBXFileReference; lastKnownFileType = folder.assetcatalog; path = Assets.xcassets; sourceTree = "<group>"; };
		9F32A1A2243E976A00AFCB2B /* Base */ = {isa = PBXFileReference; lastKnownFileType = file.storyboard; name = Base; path = Base.lproj/LaunchScreen.storyboard; sourceTree = "<group>"; };
		9F32A1A4243E976A00AFCB2B /* Info.plist */ = {isa = PBXFileReference; lastKnownFileType = text.plist.xml; path = Info.plist; sourceTree = "<group>"; };
		9F32A1AA243E9B7A00AFCB2B /* ItemsController.swift */ = {isa = PBXFileReference; lastKnownFileType = sourcecode.swift; path = ItemsController.swift; sourceTree = "<group>"; };
		9F32A1B1243ED45100AFCB2B /* Story.swift */ = {isa = PBXFileReference; lastKnownFileType = sourcecode.swift; path = Story.swift; sourceTree = "<group>"; };
		9F32A1B4243ED4DB00AFCB2B /* AppCoordinator.swift */ = {isa = PBXFileReference; lastKnownFileType = sourcecode.swift; path = AppCoordinator.swift; sourceTree = "<group>"; };
		9F32A1BC243FFC3B00AFCB2B /* StoryCell.swift */ = {isa = PBXFileReference; lastKnownFileType = sourcecode.swift; path = StoryCell.swift; sourceTree = "<group>"; };
		9F32A1BD243FFC3B00AFCB2B /* StoryCell.xib */ = {isa = PBXFileReference; lastKnownFileType = file.xib; path = StoryCell.xib; sourceTree = "<group>"; };
		9F791EE22440131200FCC44A /* Comment.swift */ = {isa = PBXFileReference; lastKnownFileType = sourcecode.swift; path = Comment.swift; sourceTree = "<group>"; };
		9F791EE4244013B000FCC44A /* GoogleService-Info.plist */ = {isa = PBXFileReference; fileEncoding = 4; lastKnownFileType = text.plist.xml; path = "GoogleService-Info.plist"; sourceTree = "<group>"; };
		EB8B81A97E6896D896F2EBBF /* Pods_Coordinator.framework */ = {isa = PBXFileReference; explicitFileType = wrapper.framework; includeInIndex = 0; path = Pods_Coordinator.framework; sourceTree = BUILT_PRODUCTS_DIR; };
		F44B142E4BB60F5BBF0D704D /* Pods-Coordinator.release.xcconfig */ = {isa = PBXFileReference; includeInIndex = 1; lastKnownFileType = text.xcconfig; name = "Pods-Coordinator.release.xcconfig"; path = "Target Support Files/Pods-Coordinator/Pods-Coordinator.release.xcconfig"; sourceTree = "<group>"; };
/* End PBXFileReference section */

/* Begin PBXFrameworksBuildPhase section */
		9F32A190243E976600AFCB2B /* Frameworks */ = {
			isa = PBXFrameworksBuildPhase;
			buildActionMask = 2147483647;
			files = (
				B2F44E13BBEBA89EE74838D7 /* Pods_Coordinator.framework in Frameworks */,
			);
			runOnlyForDeploymentPostprocessing = 0;
		};
/* End PBXFrameworksBuildPhase section */

/* Begin PBXGroup section */
		090DF2DA0A6935BA1CF7DC51 /* Pods */ = {
			isa = PBXGroup;
			children = (
				38D945B639A22BD22977C61B /* Pods-Coordinator.debug.xcconfig */,
				F44B142E4BB60F5BBF0D704D /* Pods-Coordinator.release.xcconfig */,
			);
			path = Pods;
			sourceTree = "<group>";
		};
		33334FC28B0F3046C2AEFE7D /* Frameworks */ = {
			isa = PBXGroup;
			children = (
				EB8B81A97E6896D896F2EBBF /* Pods_Coordinator.framework */,
			);
			name = Frameworks;
			sourceTree = "<group>";
		};
		9F32A18A243E976600AFCB2B = {
			isa = PBXGroup;
			children = (
				9F32A195243E976600AFCB2B /* Coordinator */,
				9F32A194243E976600AFCB2B /* Products */,
				090DF2DA0A6935BA1CF7DC51 /* Pods */,
				33334FC28B0F3046C2AEFE7D /* Frameworks */,
			);
			sourceTree = "<group>";
		};
		9F32A194243E976600AFCB2B /* Products */ = {
			isa = PBXGroup;
			children = (
				9F32A193243E976600AFCB2B /* Coordinator.app */,
			);
			name = Products;
			sourceTree = "<group>";
		};
		9F32A195243E976600AFCB2B /* Coordinator */ = {
			isa = PBXGroup;
			children = (
				9F791EE4244013B000FCC44A /* GoogleService-Info.plist */,
				9FDA973F2440117000094FDC /* Network */,
				9F32A1AC243ED40900AFCB2B /* Controllers */,
				9F32A1B3243ED4D100AFCB2B /* Coordinators */,
				9F32A1B0243ED44600AFCB2B /* Models */,
				9F32A1AD243ED41400AFCB2B /* Views */,
				9F32A196243E976600AFCB2B /* AppDelegate.swift */,
				9F32A19F243E976A00AFCB2B /* Assets.xcassets */,
				9F32A1A1243E976A00AFCB2B /* LaunchScreen.storyboard */,
				9F32A1A4243E976A00AFCB2B /* Info.plist */,
			);
			path = Coordinator;
			sourceTree = "<group>";
		};
		9F32A1AC243ED40900AFCB2B /* Controllers */ = {
			isa = PBXGroup;
			children = (
				9F32A1AA243E9B7A00AFCB2B /* ItemsController.swift */,
				9F1A0F862440D45000C694CC /* DetailController.swift */,
				9F1A0F872440D45000C694CC /* DetailController.xib */,
			);
			path = Controllers;
			sourceTree = "<group>";
		};
		9F32A1AD243ED41400AFCB2B /* Views */ = {
			isa = PBXGroup;
			children = (
				9F32A1BC243FFC3B00AFCB2B /* StoryCell.swift */,
				9F32A1BD243FFC3B00AFCB2B /* StoryCell.xib */,
				9F1A0F8C24411FDA00C694CC /* DetailCell.swift */,
				9F1A0F8D24411FDA00C694CC /* DetailCell.xib */,
			);
			path = Views;
			sourceTree = "<group>";
		};
		9F32A1B0243ED44600AFCB2B /* Models */ = {
			isa = PBXGroup;
			children = (
				9F32A1B1243ED45100AFCB2B /* Story.swift */,
				9F791EE22440131200FCC44A /* Comment.swift */,
			);
			path = Models;
			sourceTree = "<group>";
		};
		9F32A1B3243ED4D100AFCB2B /* Coordinators */ = {
			isa = PBXGroup;
			children = (
				9F32A1B4243ED4DB00AFCB2B /* AppCoordinator.swift */,
			);
			path = Coordinators;
			sourceTree = "<group>";
		};
		9FDA973F2440117000094FDC /* Network */ = {
			isa = PBXGroup;
			children = (
			);
			path = Network;
			sourceTree = "<group>";
		};
/* End PBXGroup section */

/* Begin PBXNativeTarget section */
		9F32A192243E976600AFCB2B /* Coordinator */ = {
			isa = PBXNativeTarget;
			buildConfigurationList = 9F32A1A7243E976A00AFCB2B /* Build configuration list for PBXNativeTarget "Coordinator" */;
			buildPhases = (
				9540B4EF3DA6FC498A1CB66D /* [CP] Check Pods Manifest.lock */,
				9F32A18F243E976600AFCB2B /* Sources */,
				9F32A190243E976600AFCB2B /* Frameworks */,
				9F32A191243E976600AFCB2B /* Resources */,
				D16C64A8C1B022880560471A /* [CP] Embed Pods Frameworks */,
			);
			buildRules = (
			);
			dependencies = (
			);
			name = Coordinator;
			productName = Coordinator;
			productReference = 9F32A193243E976600AFCB2B /* Coordinator.app */;
			productType = "com.apple.product-type.application";
		};
/* End PBXNativeTarget section */

/* Begin PBXProject section */
		9F32A18B243E976600AFCB2B /* Project object */ = {
			isa = PBXProject;
			attributes = {
				LastSwiftUpdateCheck = 1140;
				LastUpgradeCheck = 1140;
				ORGANIZATIONNAME = "Known Decimal";
				TargetAttributes = {
					9F32A192243E976600AFCB2B = {
						CreatedOnToolsVersion = 11.4;
					};
				};
			};
			buildConfigurationList = 9F32A18E243E976600AFCB2B /* Build configuration list for PBXProject "Coordinator" */;
			compatibilityVersion = "Xcode 9.3";
			developmentRegion = en;
			hasScannedForEncodings = 0;
			knownRegions = (
				en,
				Base,
			);
			mainGroup = 9F32A18A243E976600AFCB2B;
			productRefGroup = 9F32A194243E976600AFCB2B /* Products */;
			projectDirPath = "";
			projectRoot = "";
			targets = (
				9F32A192243E976600AFCB2B /* Coordinator */,
			);
		};
/* End PBXProject section */

/* Begin PBXResourcesBuildPhase section */
		9F32A191243E976600AFCB2B /* Resources */ = {
			isa = PBXResourcesBuildPhase;
			buildActionMask = 2147483647;
			files = (
				9F32A1A3243E976A00AFCB2B /* LaunchScreen.storyboard in Resources */,
				9F791EE5244013B000FCC44A /* GoogleService-Info.plist in Resources */,
				9F32A1BF243FFC3B00AFCB2B /* StoryCell.xib in Resources */,
				9F1A0F892440D45000C694CC /* DetailController.xib in Resources */,
				9F1A0F8F24411FDA00C694CC /* DetailCell.xib in Resources */,
				9F32A1A0243E976A00AFCB2B /* Assets.xcassets in Resources */,
			);
			runOnlyForDeploymentPostprocessing = 0;
		};
/* End PBXResourcesBuildPhase section */

/* Begin PBXShellScriptBuildPhase section */
		9540B4EF3DA6FC498A1CB66D /* [CP] Check Pods Manifest.lock */ = {
			isa = PBXShellScriptBuildPhase;
			buildActionMask = 2147483647;
			files = (
			);
			inputFileListPaths = (
			);
			inputPaths = (
				"${PODS_PODFILE_DIR_PATH}/Podfile.lock",
				"${PODS_ROOT}/Manifest.lock",
			);
			name = "[CP] Check Pods Manifest.lock";
			outputFileListPaths = (
			);
			outputPaths = (
				"$(DERIVED_FILE_DIR)/Pods-Coordinator-checkManifestLockResult.txt",
			);
			runOnlyForDeploymentPostprocessing = 0;
			shellPath = /bin/sh;
			shellScript = "diff \"${PODS_PODFILE_DIR_PATH}/Podfile.lock\" \"${PODS_ROOT}/Manifest.lock\" > /dev/null\nif [ $? != 0 ] ; then\n    # print error to STDERR\n    echo \"error: The sandbox is not in sync with the Podfile.lock. Run 'pod install' or update your CocoaPods installation.\" >&2\n    exit 1\nfi\n# This output is used by Xcode 'outputs' to avoid re-running this script phase.\necho \"SUCCESS\" > \"${SCRIPT_OUTPUT_FILE_0}\"\n";
			showEnvVarsInLog = 0;
		};
		D16C64A8C1B022880560471A /* [CP] Embed Pods Frameworks */ = {
			isa = PBXShellScriptBuildPhase;
			buildActionMask = 2147483647;
			files = (
			);
			inputFileListPaths = (
				"${PODS_ROOT}/Target Support Files/Pods-Coordinator/Pods-Coordinator-frameworks-${CONFIGURATION}-input-files.xcfilelist",
			);
			name = "[CP] Embed Pods Frameworks";
			outputFileListPaths = (
				"${PODS_ROOT}/Target Support Files/Pods-Coordinator/Pods-Coordinator-frameworks-${CONFIGURATION}-output-files.xcfilelist",
			);
			runOnlyForDeploymentPostprocessing = 0;
			shellPath = /bin/sh;
			shellScript = "\"${PODS_ROOT}/Target Support Files/Pods-Coordinator/Pods-Coordinator-frameworks.sh\"\n";
			showEnvVarsInLog = 0;
		};
/* End PBXShellScriptBuildPhase section */

/* Begin PBXSourcesBuildPhase section */
		9F32A18F243E976600AFCB2B /* Sources */ = {
			isa = PBXSourcesBuildPhase;
			buildActionMask = 2147483647;
			files = (
				9F32A1AB243E9B7A00AFCB2B /* ItemsController.swift in Sources */,
				9F1A0F882440D45000C694CC /* DetailController.swift in Sources */,
				9F791EE32440131200FCC44A /* Comment.swift in Sources */,
				9F32A1B5243ED4DB00AFCB2B /* AppCoordinator.swift in Sources */,
				9F32A197243E976600AFCB2B /* AppDelegate.swift in Sources */,
				9F32A1B2243ED45100AFCB2B /* Story.swift in Sources */,
				9F1A0F8E24411FDA00C694CC /* DetailCell.swift in Sources */,
				9F32A1BE243FFC3B00AFCB2B /* StoryCell.swift in Sources */,
			);
			runOnlyForDeploymentPostprocessing = 0;
		};
/* End PBXSourcesBuildPhase section */

/* Begin PBXVariantGroup section */
		9F32A1A1243E976A00AFCB2B /* LaunchScreen.storyboard */ = {
			isa = PBXVariantGroup;
			children = (
				9F32A1A2243E976A00AFCB2B /* Base */,
			);
			name = LaunchScreen.storyboard;
			sourceTree = "<group>";
		};
/* End PBXVariantGroup section */

/* Begin XCBuildConfiguration section */
		9F32A1A5243E976A00AFCB2B /* Debug */ = {
			isa = XCBuildConfiguration;
			buildSettings = {
				ALWAYS_SEARCH_USER_PATHS = NO;
				CLANG_ANALYZER_NONNULL = YES;
				CLANG_ANALYZER_NUMBER_OBJECT_CONVERSION = YES_AGGRESSIVE;
				CLANG_CXX_LANGUAGE_STANDARD = "gnu++14";
				CLANG_CXX_LIBRARY = "libc++";
				CLANG_ENABLE_MODULES = YES;
				CLANG_ENABLE_OBJC_ARC = YES;
				CLANG_ENABLE_OBJC_WEAK = YES;
				CLANG_WARN_BLOCK_CAPTURE_AUTORELEASING = YES;
				CLANG_WARN_BOOL_CONVERSION = YES;
				CLANG_WARN_COMMA = YES;
				CLANG_WARN_CONSTANT_CONVERSION = YES;
				CLANG_WARN_DEPRECATED_OBJC_IMPLEMENTATIONS = YES;
				CLANG_WARN_DIRECT_OBJC_ISA_USAGE = YES_ERROR;
				CLANG_WARN_DOCUMENTATION_COMMENTS = YES;
				CLANG_WARN_EMPTY_BODY = YES;
				CLANG_WARN_ENUM_CONVERSION = YES;
				CLANG_WARN_INFINITE_RECURSION = YES;
				CLANG_WARN_INT_CONVERSION = YES;
				CLANG_WARN_NON_LITERAL_NULL_CONVERSION = YES;
				CLANG_WARN_OBJC_IMPLICIT_RETAIN_SELF = YES;
				CLANG_WARN_OBJC_LITERAL_CONVERSION = YES;
				CLANG_WARN_OBJC_ROOT_CLASS = YES_ERROR;
				CLANG_WARN_RANGE_LOOP_ANALYSIS = YES;
				CLANG_WARN_STRICT_PROTOTYPES = YES;
				CLANG_WARN_SUSPICIOUS_MOVE = YES;
				CLANG_WARN_UNGUARDED_AVAILABILITY = YES_AGGRESSIVE;
				CLANG_WARN_UNREACHABLE_CODE = YES;
				CLANG_WARN__DUPLICATE_METHOD_MATCH = YES;
				COPY_PHASE_STRIP = NO;
				DEBUG_INFORMATION_FORMAT = dwarf;
				ENABLE_STRICT_OBJC_MSGSEND = YES;
				ENABLE_TESTABILITY = YES;
				GCC_C_LANGUAGE_STANDARD = gnu11;
				GCC_DYNAMIC_NO_PIC = NO;
				GCC_NO_COMMON_BLOCKS = YES;
				GCC_OPTIMIZATION_LEVEL = 0;
				GCC_PREPROCESSOR_DEFINITIONS = (
					"DEBUG=1",
					"$(inherited)",
				);
				GCC_WARN_64_TO_32_BIT_CONVERSION = YES;
				GCC_WARN_ABOUT_RETURN_TYPE = YES_ERROR;
				GCC_WARN_UNDECLARED_SELECTOR = YES;
				GCC_WARN_UNINITIALIZED_AUTOS = YES_AGGRESSIVE;
				GCC_WARN_UNUSED_FUNCTION = YES;
				GCC_WARN_UNUSED_VARIABLE = YES;
				IPHONEOS_DEPLOYMENT_TARGET = 13.4;
				MTL_ENABLE_DEBUG_INFO = INCLUDE_SOURCE;
				MTL_FAST_MATH = YES;
				ONLY_ACTIVE_ARCH = YES;
				SDKROOT = iphoneos;
				SWIFT_ACTIVE_COMPILATION_CONDITIONS = DEBUG;
				SWIFT_OPTIMIZATION_LEVEL = "-Onone";
			};
			name = Debug;
		};
		9F32A1A6243E976A00AFCB2B /* Release */ = {
			isa = XCBuildConfiguration;
			buildSettings = {
				ALWAYS_SEARCH_USER_PATHS = NO;
				CLANG_ANALYZER_NONNULL = YES;
				CLANG_ANALYZER_NUMBER_OBJECT_CONVERSION = YES_AGGRESSIVE;
				CLANG_CXX_LANGUAGE_STANDARD = "gnu++14";
				CLANG_CXX_LIBRARY = "libc++";
				CLANG_ENABLE_MODULES = YES;
				CLANG_ENABLE_OBJC_ARC = YES;
				CLANG_ENABLE_OBJC_WEAK = YES;
				CLANG_WARN_BLOCK_CAPTURE_AUTORELEASING = YES;
				CLANG_WARN_BOOL_CONVERSION = YES;
				CLANG_WARN_COMMA = YES;
				CLANG_WARN_CONSTANT_CONVERSION = YES;
				CLANG_WARN_DEPRECATED_OBJC_IMPLEMENTATIONS = YES;
				CLANG_WARN_DIRECT_OBJC_ISA_USAGE = YES_ERROR;
				CLANG_WARN_DOCUMENTATION_COMMENTS = YES;
				CLANG_WARN_EMPTY_BODY = YES;
				CLANG_WARN_ENUM_CONVERSION = YES;
				CLANG_WARN_INFINITE_RECURSION = YES;
				CLANG_WARN_INT_CONVERSION = YES;
				CLANG_WARN_NON_LITERAL_NULL_CONVERSION = YES;
				CLANG_WARN_OBJC_IMPLICIT_RETAIN_SELF = YES;
				CLANG_WARN_OBJC_LITERAL_CONVERSION = YES;
				CLANG_WARN_OBJC_ROOT_CLASS = YES_ERROR;
				CLANG_WARN_RANGE_LOOP_ANALYSIS = YES;
				CLANG_WARN_STRICT_PROTOTYPES = YES;
				CLANG_WARN_SUSPICIOUS_MOVE = YES;
				CLANG_WARN_UNGUARDED_AVAILABILITY = YES_AGGRESSIVE;
				CLANG_WARN_UNREACHABLE_CODE = YES;
				CLANG_WARN__DUPLICATE_METHOD_MATCH = YES;
				COPY_PHASE_STRIP = NO;
				DEBUG_INFORMATION_FORMAT = "dwarf-with-dsym";
				ENABLE_NS_ASSERTIONS = NO;
				ENABLE_STRICT_OBJC_MSGSEND = YES;
				GCC_C_LANGUAGE_STANDARD = gnu11;
				GCC_NO_COMMON_BLOCKS = YES;
				GCC_WARN_64_TO_32_BIT_CONVERSION = YES;
				GCC_WARN_ABOUT_RETURN_TYPE = YES_ERROR;
				GCC_WARN_UNDECLARED_SELECTOR = YES;
				GCC_WARN_UNINITIALIZED_AUTOS = YES_AGGRESSIVE;
				GCC_WARN_UNUSED_FUNCTION = YES;
				GCC_WARN_UNUSED_VARIABLE = YES;
				IPHONEOS_DEPLOYMENT_TARGET = 13.4;
				MTL_ENABLE_DEBUG_INFO = NO;
				MTL_FAST_MATH = YES;
				SDKROOT = iphoneos;
				SWIFT_COMPILATION_MODE = wholemodule;
				SWIFT_OPTIMIZATION_LEVEL = "-O";
				VALIDATE_PRODUCT = YES;
			};
			name = Release;
		};
		9F32A1A8243E976A00AFCB2B /* Debug */ = {
			isa = XCBuildConfiguration;
			baseConfigurationReference = 38D945B639A22BD22977C61B /* Pods-Coordinator.debug.xcconfig */;
			buildSettings = {
				ASSETCATALOG_COMPILER_APPICON_NAME = AppIcon;
				CODE_SIGN_STYLE = Automatic;
				DEVELOPMENT_TEAM = S2FGQ6RHC4;
				INFOPLIST_FILE = Coordinator/Info.plist;
				LD_RUNPATH_SEARCH_PATHS = (
					"$(inherited)",
					"@executable_path/Frameworks",
				);
				PRODUCT_BUNDLE_IDENTIFIER = dev.kdhq.Coordinator.Coordinator;
				PRODUCT_NAME = "$(TARGET_NAME)";
				SWIFT_VERSION = 5.0;
				TARGETED_DEVICE_FAMILY = "1,2";
			};
			name = Debug;
		};
		9F32A1A9243E976A00AFCB2B /* Release */ = {
			isa = XCBuildConfiguration;
			baseConfigurationReference = F44B142E4BB60F5BBF0D704D /* Pods-Coordinator.release.xcconfig */;
			buildSettings = {
				ASSETCATALOG_COMPILER_APPICON_NAME = AppIcon;
				CODE_SIGN_STYLE = Automatic;
				DEVELOPMENT_TEAM = S2FGQ6RHC4;
				INFOPLIST_FILE = Coordinator/Info.plist;
				LD_RUNPATH_SEARCH_PATHS = (
					"$(inherited)",
					"@executable_path/Frameworks",
				);
				PRODUCT_BUNDLE_IDENTIFIER = dev.kdhq.Coordinator.Coordinator;
				PRODUCT_NAME = "$(TARGET_NAME)";
				SWIFT_VERSION = 5.0;
				TARGETED_DEVICE_FAMILY = "1,2";
			};
			name = Release;
		};
/* End XCBuildConfiguration section */

/* Begin XCConfigurationList section */
		9F32A18E243E976600AFCB2B /* Build configuration list for PBXProject "Coordinator" */ = {
			isa = XCConfigurationList;
			buildConfigurations = (
				9F32A1A5243E976A00AFCB2B /* Debug */,
				9F32A1A6243E976A00AFCB2B /* Release */,
			);
			defaultConfigurationIsVisible = 0;
			defaultConfigurationName = Release;
		};
		9F32A1A7243E976A00AFCB2B /* Build configuration list for PBXNativeTarget "Coordinator" */ = {
			isa = XCConfigurationList;
			buildConfigurations = (
				9F32A1A8243E976A00AFCB2B /* Debug */,
				9F32A1A9243E976A00AFCB2B /* Release */,
			);
			defaultConfigurationIsVisible = 0;
			defaultConfigurationName = Release;
		};
/* End XCConfigurationList section */
	};
	rootObject = 9F32A18B243E976600AFCB2B /* Project object */;
}
